
Microsoft Visual Studio Solution File, Format Version 12.00
# Visual Studio 2012
Project("{FAE04EC0-301F-11D3-BF4B-00C04F79EFBC}") = "Xamarin.Android.Crashlytics.Binding", "Xamarin.Android.Crashlytics.Binding\Xamarin.Android.Crashlytics.Binding.csproj", "{9E5D76E5-5FC5-46B8-BA15-293E4D7418CF}"
EndProject
Project("{2150E333-8FDC-42A3-9474-1A3956D46DE8}") = "Solution Items", "Solution Items", "{DC0458EE-8B24-4FE8-811C-5986216DC931}"
EndProject
Global
	GlobalSection(SolutionConfigurationPlatforms) = preSolution
		Debug|Any CPU = Debug|Any CPU
		Release|Any CPU = Release|Any CPU
	EndGlobalSection
	GlobalSection(ProjectConfigurationPlatforms) = postSolution
		{9E5D76E5-5FC5-46B8-BA15-293E4D7418CF}.Debug|Any CPU.ActiveCfg = Debug|Any CPU
		{9E5D76E5-5FC5-46B8-BA15-293E4D7418CF}.Debug|Any CPU.Build.0 = Debug|Any CPU
		{9E5D76E5-5FC5-46B8-BA15-293E4D7418CF}.Release|Any CPU.ActiveCfg = Release|Any CPU
		{9E5D76E5-5FC5-46B8-BA15-293E4D7418CF}.Release|Any CPU.Build.0 = Release|Any CPU
	EndGlobalSection
	GlobalSection(SolutionProperties) = preSolution
		HideSolutionNode = FALSE
	EndGlobalSection
EndGlobal
